
Microsoft Visual Studio Solution File, Format Version 12.00
# Visual Studio Version 16
VisualStudioVersion = 16.0.32106.194
MinimumVisualStudioVersion = 10.0.40219.1
Project("{FAE04EC0-301F-11D3-BF4B-00C04F79EFBC}") = "WebApplicationNew", "WebApplicationNew\WebApplicationNew.csproj", "{11B3E97C-EFE2-4F33-ADE7-55A74A6D2676}"
EndProject
Global
	GlobalSection(SolutionConfigurationPlatforms) = preSolution
		Debug|Any CPU = Debug|Any CPU
		Release|Any CPU = Release|Any CPU
	EndGlobalSection
	GlobalSection(ProjectConfigurationPlatforms) = postSolution
		{11B3E97C-EFE2-4F33-ADE7-55A74A6D2676}.Debug|Any CPU.ActiveCfg = Debug|Any CPU
		{11B3E97C-EFE2-4F33-ADE7-55A74A6D2676}.Debug|Any CPU.Build.0 = Debug|Any CPU
		{11B3E97C-EFE2-4F33-ADE7-55A74A6D2676}.Release|Any CPU.ActiveCfg = Release|Any CPU
		{11B3E97C-EFE2-4F33-ADE7-55A74A6D2676}.Release|Any CPU.Build.0 = Release|Any CPU
	EndGlobalSection
	GlobalSection(SolutionProperties) = preSolution
		HideSolutionNode = FALSE
	EndGlobalSection
	GlobalSection(ExtensibilityGlobals) = postSolution
		SolutionGuid = {B931BFD9-2644-4D29-BF9A-018C917C385B}
	EndGlobalSection
EndGlobal
